
Microsoft Visual Studio Solution File, Format Version 12.00
# Visual Studio Version 17
VisualStudioVersion = 17.1.32421.90
MinimumVisualStudioVersion = 10.0.40219.1
Project("{FAE04EC0-301F-11D3-BF4B-00C04F79EFBC}") = "ConsolePizzeria", "ConsolePizzeria.csproj", "{C742417D-51AD-4873-8229-247927875024}"
EndProject
Project("{FAE04EC0-301F-11D3-BF4B-00C04F79EFBC}") = "PizzeriaLibrary", "..\PizzeriaLibrary\PizzeriaLibrary.csproj", "{162E9F4B-D634-429B-87C2-03A670610EF2}"
EndProject
Global
	GlobalSection(SolutionConfigurationPlatforms) = preSolution
		Debug|Any CPU = Debug|Any CPU
		Release|Any CPU = Release|Any CPU
	EndGlobalSection
	GlobalSection(ProjectConfigurationPlatforms) = postSolution
		{C742417D-51AD-4873-8229-247927875024}.Debug|Any CPU.ActiveCfg = Debug|Any CPU
		{C742417D-51AD-4873-8229-247927875024}.Debug|Any CPU.Build.0 = Debug|Any CPU
		{C742417D-51AD-4873-8229-247927875024}.Release|Any CPU.ActiveCfg = Release|Any CPU
		{C742417D-51AD-4873-8229-247927875024}.Release|Any CPU.Build.0 = Release|Any CPU
		{162E9F4B-D634-429B-87C2-03A670610EF2}.Debug|Any CPU.ActiveCfg = Debug|Any CPU
		{162E9F4B-D634-429B-87C2-03A670610EF2}.Debug|Any CPU.Build.0 = Debug|Any CPU
		{162E9F4B-D634-429B-87C2-03A670610EF2}.Release|Any CPU.ActiveCfg = Release|Any CPU
		{162E9F4B-D634-429B-87C2-03A670610EF2}.Release|Any CPU.Build.0 = Release|Any CPU
	EndGlobalSection
	GlobalSection(SolutionProperties) = preSolution
		HideSolutionNode = FALSE
	EndGlobalSection
	GlobalSection(ExtensibilityGlobals) = postSolution
		SolutionGuid = {77BEC4F3-9069-4784-B862-464ABD6E0FAA}
	EndGlobalSection
EndGlobal
